
Microsoft Visual Studio Solution File, Format Version 12.00
# Visual Studio Version 16
VisualStudioVersion = 16.0.30330.147
MinimumVisualStudioVersion = 10.0.40219.1
Project("{9A19103F-16F7-4668-BE54-9A1E7A4F7556}") = "Cambio", "Cambio.csproj", "{2313421E-79C7-4E05-8046-9B035147DE9F}"
EndProject
Project("{FAE04EC0-301F-11D3-BF4B-00C04F79EFBC}") = "Objeto.Test", "..\Objeto.Test\Objeto.Test.csproj", "{9D61C79F-72A3-4D4B-AE31-CB015D34CD6D}"
EndProject
Global
	GlobalSection(SolutionConfigurationPlatforms) = preSolution
		Debug|Any CPU = Debug|Any CPU
		Release|Any CPU = Release|Any CPU
	EndGlobalSection
	GlobalSection(ProjectConfigurationPlatforms) = postSolution
		{2313421E-79C7-4E05-8046-9B035147DE9F}.Debug|Any CPU.ActiveCfg = Debug|Any CPU
		{2313421E-79C7-4E05-8046-9B035147DE9F}.Debug|Any CPU.Build.0 = Debug|Any CPU
		{2313421E-79C7-4E05-8046-9B035147DE9F}.Release|Any CPU.ActiveCfg = Release|Any CPU
		{2313421E-79C7-4E05-8046-9B035147DE9F}.Release|Any CPU.Build.0 = Release|Any CPU
		{9D61C79F-72A3-4D4B-AE31-CB015D34CD6D}.Debug|Any CPU.ActiveCfg = Debug|Any CPU
		{9D61C79F-72A3-4D4B-AE31-CB015D34CD6D}.Debug|Any CPU.Build.0 = Debug|Any CPU
		{9D61C79F-72A3-4D4B-AE31-CB015D34CD6D}.Release|Any CPU.ActiveCfg = Release|Any CPU
		{9D61C79F-72A3-4D4B-AE31-CB015D34CD6D}.Release|Any CPU.Build.0 = Release|Any CPU
	EndGlobalSection
	GlobalSection(SolutionProperties) = preSolution
		HideSolutionNode = FALSE
	EndGlobalSection
	GlobalSection(ExtensibilityGlobals) = postSolution
		SolutionGuid = {7C73124A-00CB-402B-9333-E8C79438958B}
	EndGlobalSection
EndGlobal
